
Microsoft Visual Studio Solution File, Format Version 12.00
# Visual Studio 14
VisualStudioVersion = 14.0.24720.0
MinimumVisualStudioVersion = 10.0.40219.1
Project("{FAE04EC0-301F-11D3-BF4B-00C04F79EFBC}") = "PeliAsiakas", "PeliAsiakas\PeliAsiakas.csproj", "{24AA5D8A-DFE9-44A9-B049-766A35019A85}"
EndProject
Project("{FAE04EC0-301F-11D3-BF4B-00C04F79EFBC}") = "PeliPalvelin", "PeliPalvelin\PeliPalvelin.csproj", "{1F56D3D0-F5D2-4FC8-A855-B77C3ACDD625}"
EndProject
Global
	GlobalSection(SolutionConfigurationPlatforms) = preSolution
		Debug|Any CPU = Debug|Any CPU
		Release|Any CPU = Release|Any CPU
	EndGlobalSection
	GlobalSection(ProjectConfigurationPlatforms) = postSolution
		{24AA5D8A-DFE9-44A9-B049-766A35019A85}.Debug|Any CPU.ActiveCfg = Debug|Any CPU
		{24AA5D8A-DFE9-44A9-B049-766A35019A85}.Debug|Any CPU.Build.0 = Debug|Any CPU
		{24AA5D8A-DFE9-44A9-B049-766A35019A85}.Release|Any CPU.ActiveCfg = Release|Any CPU
		{24AA5D8A-DFE9-44A9-B049-766A35019A85}.Release|Any CPU.Build.0 = Release|Any CPU
		{1F56D3D0-F5D2-4FC8-A855-B77C3ACDD625}.Debug|Any CPU.ActiveCfg = Debug|Any CPU
		{1F56D3D0-F5D2-4FC8-A855-B77C3ACDD625}.Debug|Any CPU.Build.0 = Debug|Any CPU
		{1F56D3D0-F5D2-4FC8-A855-B77C3ACDD625}.Release|Any CPU.ActiveCfg = Release|Any CPU
		{1F56D3D0-F5D2-4FC8-A855-B77C3ACDD625}.Release|Any CPU.Build.0 = Release|Any CPU
	EndGlobalSection
	GlobalSection(SolutionProperties) = preSolution
		HideSolutionNode = FALSE
	EndGlobalSection
EndGlobal
